
Microsoft Visual Studio Solution File, Format Version 12.00
# Visual Studio Version 16
VisualStudioVersion = 16.0.31829.152
MinimumVisualStudioVersion = 10.0.40219.1
Project("{FAE04EC0-301F-11D3-BF4B-00C04F79EFBC}") = "livrariaApis", "livrariaApis\livrariaApis.csproj", "{153593EB-2200-40A5-B179-FC562D055770}"
EndProject
Global
	GlobalSection(SolutionConfigurationPlatforms) = preSolution
		Debug|Any CPU = Debug|Any CPU
		Release|Any CPU = Release|Any CPU
	EndGlobalSection
	GlobalSection(ProjectConfigurationPlatforms) = postSolution
		{153593EB-2200-40A5-B179-FC562D055770}.Debug|Any CPU.ActiveCfg = Debug|Any CPU
		{153593EB-2200-40A5-B179-FC562D055770}.Debug|Any CPU.Build.0 = Debug|Any CPU
		{153593EB-2200-40A5-B179-FC562D055770}.Release|Any CPU.ActiveCfg = Release|Any CPU
		{153593EB-2200-40A5-B179-FC562D055770}.Release|Any CPU.Build.0 = Release|Any CPU
	EndGlobalSection
	GlobalSection(SolutionProperties) = preSolution
		HideSolutionNode = FALSE
	EndGlobalSection
	GlobalSection(ExtensibilityGlobals) = postSolution
		SolutionGuid = {F124591B-7DF1-4664-81DC-8DCF2C58092D}
	EndGlobalSection
EndGlobal
